
Microsoft Visual Studio Solution File, Format Version 12.00
# Visual Studio Version 17
VisualStudioVersion = 17.1.32421.90
MinimumVisualStudioVersion = 10.0.40219.1
Project("{9A19103F-16F7-4668-BE54-9A1E7A4F7556}") = "P.03-SkiRental", "P.03-SkiRental\P.03-SkiRental.csproj", "{3B8F79CD-93E4-4BE8-B969-BAE26D88CDA8}"
EndProject
Project("{9A19103F-16F7-4668-BE54-9A1E7A4F7556}") = "P.01-Masterchef", "P.01-Masterchef\P.01-Masterchef.csproj", "{8EE2B98B-A8A5-42D2-B0F9-E4C75CB382CD}"
EndProject
Project("{FAE04EC0-301F-11D3-BF4B-00C04F79EFBC}") = "P.02-Survivor", "P.02-Survivor\P.02-Survivor.csproj", "{F3E9D49A-F206-4FC5-90E4-83FE11106FDE}"
EndProject
Global
	GlobalSection(SolutionConfigurationPlatforms) = preSolution
		Debug|Any CPU = Debug|Any CPU
		Release|Any CPU = Release|Any CPU
	EndGlobalSection
	GlobalSection(ProjectConfigurationPlatforms) = postSolution
		{3B8F79CD-93E4-4BE8-B969-BAE26D88CDA8}.Debug|Any CPU.ActiveCfg = Debug|Any CPU
		{3B8F79CD-93E4-4BE8-B969-BAE26D88CDA8}.Debug|Any CPU.Build.0 = Debug|Any CPU
		{3B8F79CD-93E4-4BE8-B969-BAE26D88CDA8}.Release|Any CPU.ActiveCfg = Release|Any CPU
		{3B8F79CD-93E4-4BE8-B969-BAE26D88CDA8}.Release|Any CPU.Build.0 = Release|Any CPU
		{8EE2B98B-A8A5-42D2-B0F9-E4C75CB382CD}.Debug|Any CPU.ActiveCfg = Debug|Any CPU
		{8EE2B98B-A8A5-42D2-B0F9-E4C75CB382CD}.Debug|Any CPU.Build.0 = Debug|Any CPU
		{8EE2B98B-A8A5-42D2-B0F9-E4C75CB382CD}.Release|Any CPU.ActiveCfg = Release|Any CPU
		{8EE2B98B-A8A5-42D2-B0F9-E4C75CB382CD}.Release|Any CPU.Build.0 = Release|Any CPU
		{F3E9D49A-F206-4FC5-90E4-83FE11106FDE}.Debug|Any CPU.ActiveCfg = Debug|Any CPU
		{F3E9D49A-F206-4FC5-90E4-83FE11106FDE}.Debug|Any CPU.Build.0 = Debug|Any CPU
		{F3E9D49A-F206-4FC5-90E4-83FE11106FDE}.Release|Any CPU.ActiveCfg = Release|Any CPU
		{F3E9D49A-F206-4FC5-90E4-83FE11106FDE}.Release|Any CPU.Build.0 = Release|Any CPU
	EndGlobalSection
	GlobalSection(SolutionProperties) = preSolution
		HideSolutionNode = FALSE
	EndGlobalSection
	GlobalSection(ExtensibilityGlobals) = postSolution
		SolutionGuid = {9C4A4E6A-E9D8-4471-9EDC-42F7434F4785}
	EndGlobalSection
EndGlobal
