
Microsoft Visual Studio Solution File, Format Version 12.00
# Visual Studio Version 17
VisualStudioVersion = 17.1.32421.90
MinimumVisualStudioVersion = 10.0.40219.1
Project("{9A19103F-16F7-4668-BE54-9A1E7A4F7556}") = "P.03-Openning", "P.03-Openning\P.03-Openning.csproj", "{CD247EE8-6A82-41C7-B13B-59E513352340}"
EndProject
Project("{FAE04EC0-301F-11D3-BF4B-00C04F79EFBC}") = "P.02-Selling", "P.02-Selling\P.02-Selling.csproj", "{2F7C48AA-0DFB-4D02-858B-C54BF8B0DB8A}"
EndProject
Global
	GlobalSection(SolutionConfigurationPlatforms) = preSolution
		Debug|Any CPU = Debug|Any CPU
		Release|Any CPU = Release|Any CPU
	EndGlobalSection
	GlobalSection(ProjectConfigurationPlatforms) = postSolution
		{CD247EE8-6A82-41C7-B13B-59E513352340}.Debug|Any CPU.ActiveCfg = Debug|Any CPU
		{CD247EE8-6A82-41C7-B13B-59E513352340}.Debug|Any CPU.Build.0 = Debug|Any CPU
		{CD247EE8-6A82-41C7-B13B-59E513352340}.Release|Any CPU.ActiveCfg = Release|Any CPU
		{CD247EE8-6A82-41C7-B13B-59E513352340}.Release|Any CPU.Build.0 = Release|Any CPU
		{2F7C48AA-0DFB-4D02-858B-C54BF8B0DB8A}.Debug|Any CPU.ActiveCfg = Debug|Any CPU
		{2F7C48AA-0DFB-4D02-858B-C54BF8B0DB8A}.Debug|Any CPU.Build.0 = Debug|Any CPU
		{2F7C48AA-0DFB-4D02-858B-C54BF8B0DB8A}.Release|Any CPU.ActiveCfg = Release|Any CPU
		{2F7C48AA-0DFB-4D02-858B-C54BF8B0DB8A}.Release|Any CPU.Build.0 = Release|Any CPU
	EndGlobalSection
	GlobalSection(SolutionProperties) = preSolution
		HideSolutionNode = FALSE
	EndGlobalSection
	GlobalSection(ExtensibilityGlobals) = postSolution
		SolutionGuid = {87106F84-1D18-4276-B61C-D1F916490340}
	EndGlobalSection
EndGlobal
