
Microsoft Visual Studio Solution File, Format Version 12.00
# Visual Studio Version 17
VisualStudioVersion = 17.2.32616.157
MinimumVisualStudioVersion = 10.0.40219.1
Project("{FAE04EC0-301F-11D3-BF4B-00C04F79EFBC}") = "P.01-StreamProgress", "P.01-StreamProgress\P.01-StreamProgress.csproj", "{901DD35F-8B98-4B19-806E-F7048ED0618B}"
EndProject
Project("{FAE04EC0-301F-11D3-BF4B-00C04F79EFBC}") = "P.02-GraphicEditor", "P.02-GraphicEditor\P.02-GraphicEditor.csproj", "{A54CBFFD-E408-4794-97BC-713DEFFE61A0}"
EndProject
Project("{FAE04EC0-301F-11D3-BF4B-00C04F79EFBC}") = "P.03-DetailPrinter", "P.03-DetailPrinter\P.03-DetailPrinter.csproj", "{5F2D27C5-8269-4237-9487-CCF94C26B424}"
EndProject
Project("{FAE04EC0-301F-11D3-BF4B-00C04F79EFBC}") = "P.04-Recharge", "P.04-Recharge\P.04-Recharge.csproj", "{8B31B80B-EC77-4220-B431-75DB78C9C1B1}"
EndProject
Global
	GlobalSection(SolutionConfigurationPlatforms) = preSolution
		Debug|Any CPU = Debug|Any CPU
		Release|Any CPU = Release|Any CPU
	EndGlobalSection
	GlobalSection(ProjectConfigurationPlatforms) = postSolution
		{901DD35F-8B98-4B19-806E-F7048ED0618B}.Debug|Any CPU.ActiveCfg = Debug|Any CPU
		{901DD35F-8B98-4B19-806E-F7048ED0618B}.Debug|Any CPU.Build.0 = Debug|Any CPU
		{901DD35F-8B98-4B19-806E-F7048ED0618B}.Release|Any CPU.ActiveCfg = Release|Any CPU
		{901DD35F-8B98-4B19-806E-F7048ED0618B}.Release|Any CPU.Build.0 = Release|Any CPU
		{A54CBFFD-E408-4794-97BC-713DEFFE61A0}.Debug|Any CPU.ActiveCfg = Debug|Any CPU
		{A54CBFFD-E408-4794-97BC-713DEFFE61A0}.Debug|Any CPU.Build.0 = Debug|Any CPU
		{A54CBFFD-E408-4794-97BC-713DEFFE61A0}.Release|Any CPU.ActiveCfg = Release|Any CPU
		{A54CBFFD-E408-4794-97BC-713DEFFE61A0}.Release|Any CPU.Build.0 = Release|Any CPU
		{5F2D27C5-8269-4237-9487-CCF94C26B424}.Debug|Any CPU.ActiveCfg = Debug|Any CPU
		{5F2D27C5-8269-4237-9487-CCF94C26B424}.Debug|Any CPU.Build.0 = Debug|Any CPU
		{5F2D27C5-8269-4237-9487-CCF94C26B424}.Release|Any CPU.ActiveCfg = Release|Any CPU
		{5F2D27C5-8269-4237-9487-CCF94C26B424}.Release|Any CPU.Build.0 = Release|Any CPU
		{8B31B80B-EC77-4220-B431-75DB78C9C1B1}.Debug|Any CPU.ActiveCfg = Debug|Any CPU
		{8B31B80B-EC77-4220-B431-75DB78C9C1B1}.Debug|Any CPU.Build.0 = Debug|Any CPU
		{8B31B80B-EC77-4220-B431-75DB78C9C1B1}.Release|Any CPU.ActiveCfg = Release|Any CPU
		{8B31B80B-EC77-4220-B431-75DB78C9C1B1}.Release|Any CPU.Build.0 = Release|Any CPU
	EndGlobalSection
	GlobalSection(SolutionProperties) = preSolution
		HideSolutionNode = FALSE
	EndGlobalSection
	GlobalSection(ExtensibilityGlobals) = postSolution
		SolutionGuid = {3196B8E8-8989-4E12-A0AB-F29233FEDAEE}
	EndGlobalSection
EndGlobal
