
Microsoft Visual Studio Solution File, Format Version 12.00
# Visual Studio Version 17
VisualStudioVersion = 17.2.32616.157
MinimumVisualStudioVersion = 10.0.40219.1
Project("{FAE04EC0-301F-11D3-BF4B-00C04F79EFBC}") = "P.01-SquareRoot", "P.01-SquareRoot\P.01-SquareRoot.csproj", "{A99EA309-B93D-4400-8D45-F81D676D60A7}"
EndProject
Project("{FAE04EC0-301F-11D3-BF4B-00C04F79EFBC}") = "P.02-EnterNumbers", "P.02-EnterNumbers\P.02-EnterNumbers.csproj", "{C4D5DAA3-A6C6-40FC-8598-D97894CC6F39}"
EndProject
Project("{FAE04EC0-301F-11D3-BF4B-00C04F79EFBC}") = "P.03-Fixing", "P.03-Fixing\P.03-Fixing.csproj", "{AA550BCB-2C4D-4F9D-8593-9BEEF735D0CD}"
EndProject
Project("{FAE04EC0-301F-11D3-BF4B-00C04F79EFBC}") = "P.04-FixingVol2", "P.04-FixingVol2\P.04-FixingVol2.csproj", "{03F6F3FA-C862-4B86-A78D-F3FB1205A2E9}"
EndProject
Project("{FAE04EC0-301F-11D3-BF4B-00C04F79EFBC}") = "P.05-ValidPerson", "P.05-ValidPerson\P.05-ValidPerson.csproj", "{CFF8F7B9-000E-4239-9518-C4A6E308B415}"
EndProject
Global
	GlobalSection(SolutionConfigurationPlatforms) = preSolution
		Debug|Any CPU = Debug|Any CPU
		Release|Any CPU = Release|Any CPU
	EndGlobalSection
	GlobalSection(ProjectConfigurationPlatforms) = postSolution
		{A99EA309-B93D-4400-8D45-F81D676D60A7}.Debug|Any CPU.ActiveCfg = Debug|Any CPU
		{A99EA309-B93D-4400-8D45-F81D676D60A7}.Debug|Any CPU.Build.0 = Debug|Any CPU
		{A99EA309-B93D-4400-8D45-F81D676D60A7}.Release|Any CPU.ActiveCfg = Release|Any CPU
		{A99EA309-B93D-4400-8D45-F81D676D60A7}.Release|Any CPU.Build.0 = Release|Any CPU
		{C4D5DAA3-A6C6-40FC-8598-D97894CC6F39}.Debug|Any CPU.ActiveCfg = Debug|Any CPU
		{C4D5DAA3-A6C6-40FC-8598-D97894CC6F39}.Debug|Any CPU.Build.0 = Debug|Any CPU
		{C4D5DAA3-A6C6-40FC-8598-D97894CC6F39}.Release|Any CPU.ActiveCfg = Release|Any CPU
		{C4D5DAA3-A6C6-40FC-8598-D97894CC6F39}.Release|Any CPU.Build.0 = Release|Any CPU
		{AA550BCB-2C4D-4F9D-8593-9BEEF735D0CD}.Debug|Any CPU.ActiveCfg = Debug|Any CPU
		{AA550BCB-2C4D-4F9D-8593-9BEEF735D0CD}.Debug|Any CPU.Build.0 = Debug|Any CPU
		{AA550BCB-2C4D-4F9D-8593-9BEEF735D0CD}.Release|Any CPU.ActiveCfg = Release|Any CPU
		{AA550BCB-2C4D-4F9D-8593-9BEEF735D0CD}.Release|Any CPU.Build.0 = Release|Any CPU
		{03F6F3FA-C862-4B86-A78D-F3FB1205A2E9}.Debug|Any CPU.ActiveCfg = Debug|Any CPU
		{03F6F3FA-C862-4B86-A78D-F3FB1205A2E9}.Debug|Any CPU.Build.0 = Debug|Any CPU
		{03F6F3FA-C862-4B86-A78D-F3FB1205A2E9}.Release|Any CPU.ActiveCfg = Release|Any CPU
		{03F6F3FA-C862-4B86-A78D-F3FB1205A2E9}.Release|Any CPU.Build.0 = Release|Any CPU
		{CFF8F7B9-000E-4239-9518-C4A6E308B415}.Debug|Any CPU.ActiveCfg = Debug|Any CPU
		{CFF8F7B9-000E-4239-9518-C4A6E308B415}.Debug|Any CPU.Build.0 = Debug|Any CPU
		{CFF8F7B9-000E-4239-9518-C4A6E308B415}.Release|Any CPU.ActiveCfg = Release|Any CPU
		{CFF8F7B9-000E-4239-9518-C4A6E308B415}.Release|Any CPU.Build.0 = Release|Any CPU
	EndGlobalSection
	GlobalSection(SolutionProperties) = preSolution
		HideSolutionNode = FALSE
	EndGlobalSection
	GlobalSection(ExtensibilityGlobals) = postSolution
		SolutionGuid = {C07D4433-7B22-4224-A12A-D9A9201FDE15}
	EndGlobalSection
EndGlobal
