
Microsoft Visual Studio Solution File, Format Version 12.00
# Visual Studio Version 17
VisualStudioVersion = 17.2.32516.85
MinimumVisualStudioVersion = 10.0.40219.1
Project("{9A19103F-16F7-4668-BE54-9A1E7A4F7556}") = "P.01-SingleInheritance", "P.01-SingleInheritance\P.01-SingleInheritance.csproj", "{970782B4-AB82-4795-A7BC-E8F9DC7E7B4D}"
EndProject
Project("{FAE04EC0-301F-11D3-BF4B-00C04F79EFBC}") = "P.02-MultipleInheritance", "P.02-MultipleInheritance\P.02-MultipleInheritance.csproj", "{D8394B07-2DD4-4BB6-94CB-26349CD86DA9}"
EndProject
Project("{FAE04EC0-301F-11D3-BF4B-00C04F79EFBC}") = "P.03-Hierarchical Inheritance", "P.03-Hierarchical Inheritance\P.03-Hierarchical Inheritance.csproj", "{88E1AFBC-B6D0-410A-ADFD-FF7AF6742895}"
EndProject
Project("{FAE04EC0-301F-11D3-BF4B-00C04F79EFBC}") = "P.04-RandomList", "P.04-RandomList\P.04-RandomList.csproj", "{CC9691EA-30DE-4ECD-A6DE-F9980AA6ED47}"
EndProject
Project("{FAE04EC0-301F-11D3-BF4B-00C04F79EFBC}") = "P.05-StackOfStrings", "P.05-StackOfStrings\P.05-StackOfStrings.csproj", "{3532939A-A089-44BF-9A96-B3A679D9FD04}"
EndProject
Global
	GlobalSection(SolutionConfigurationPlatforms) = preSolution
		Debug|Any CPU = Debug|Any CPU
		Release|Any CPU = Release|Any CPU
	EndGlobalSection
	GlobalSection(ProjectConfigurationPlatforms) = postSolution
		{970782B4-AB82-4795-A7BC-E8F9DC7E7B4D}.Debug|Any CPU.ActiveCfg = Debug|Any CPU
		{970782B4-AB82-4795-A7BC-E8F9DC7E7B4D}.Debug|Any CPU.Build.0 = Debug|Any CPU
		{970782B4-AB82-4795-A7BC-E8F9DC7E7B4D}.Release|Any CPU.ActiveCfg = Release|Any CPU
		{970782B4-AB82-4795-A7BC-E8F9DC7E7B4D}.Release|Any CPU.Build.0 = Release|Any CPU
		{D8394B07-2DD4-4BB6-94CB-26349CD86DA9}.Debug|Any CPU.ActiveCfg = Debug|Any CPU
		{D8394B07-2DD4-4BB6-94CB-26349CD86DA9}.Debug|Any CPU.Build.0 = Debug|Any CPU
		{D8394B07-2DD4-4BB6-94CB-26349CD86DA9}.Release|Any CPU.ActiveCfg = Release|Any CPU
		{D8394B07-2DD4-4BB6-94CB-26349CD86DA9}.Release|Any CPU.Build.0 = Release|Any CPU
		{88E1AFBC-B6D0-410A-ADFD-FF7AF6742895}.Debug|Any CPU.ActiveCfg = Debug|Any CPU
		{88E1AFBC-B6D0-410A-ADFD-FF7AF6742895}.Debug|Any CPU.Build.0 = Debug|Any CPU
		{88E1AFBC-B6D0-410A-ADFD-FF7AF6742895}.Release|Any CPU.ActiveCfg = Release|Any CPU
		{88E1AFBC-B6D0-410A-ADFD-FF7AF6742895}.Release|Any CPU.Build.0 = Release|Any CPU
		{CC9691EA-30DE-4ECD-A6DE-F9980AA6ED47}.Debug|Any CPU.ActiveCfg = Debug|Any CPU
		{CC9691EA-30DE-4ECD-A6DE-F9980AA6ED47}.Debug|Any CPU.Build.0 = Debug|Any CPU
		{CC9691EA-30DE-4ECD-A6DE-F9980AA6ED47}.Release|Any CPU.ActiveCfg = Release|Any CPU
		{CC9691EA-30DE-4ECD-A6DE-F9980AA6ED47}.Release|Any CPU.Build.0 = Release|Any CPU
		{3532939A-A089-44BF-9A96-B3A679D9FD04}.Debug|Any CPU.ActiveCfg = Debug|Any CPU
		{3532939A-A089-44BF-9A96-B3A679D9FD04}.Debug|Any CPU.Build.0 = Debug|Any CPU
		{3532939A-A089-44BF-9A96-B3A679D9FD04}.Release|Any CPU.ActiveCfg = Release|Any CPU
		{3532939A-A089-44BF-9A96-B3A679D9FD04}.Release|Any CPU.Build.0 = Release|Any CPU
	EndGlobalSection
	GlobalSection(SolutionProperties) = preSolution
		HideSolutionNode = FALSE
	EndGlobalSection
	GlobalSection(ExtensibilityGlobals) = postSolution
		SolutionGuid = {F1B0F1CE-CB11-4108-97D0-72BFFC99D1CF}
	EndGlobalSection
EndGlobal
