
Microsoft Visual Studio Solution File, Format Version 12.00
# Visual Studio Version 17
VisualStudioVersion = 17.3.32825.248
MinimumVisualStudioVersion = 10.0.40219.1
Project("{9A19103F-16F7-4668-BE54-9A1E7A4F7556}") = "Library", "Library\Library.csproj", "{37380E60-4044-4C90-BF0B-39987E006B6E}"
EndProject
Project("{FAE04EC0-301F-11D3-BF4B-00C04F79EFBC}") = "Library.Core", "Library.Core\Library.Core.csproj", "{3F74A5A7-97FA-45D6-B471-81E0DDE04A29}"
EndProject
Project("{FAE04EC0-301F-11D3-BF4B-00C04F79EFBC}") = "Library.Common", "Library.Common\Library.Common.csproj", "{6939CE6B-C8A2-4F37-A620-367A7F8A1C66}"
EndProject
Project("{FAE04EC0-301F-11D3-BF4B-00C04F79EFBC}") = "Library.Services", "Library.Services\Library.Services.csproj", "{860F755F-0B5D-47CC-90FA-5D2A3090BC83}"
EndProject
Global
	GlobalSection(SolutionConfigurationPlatforms) = preSolution
		Debug|Any CPU = Debug|Any CPU
		Release|Any CPU = Release|Any CPU
	EndGlobalSection
	GlobalSection(ProjectConfigurationPlatforms) = postSolution
		{37380E60-4044-4C90-BF0B-39987E006B6E}.Debug|Any CPU.ActiveCfg = Debug|Any CPU
		{37380E60-4044-4C90-BF0B-39987E006B6E}.Debug|Any CPU.Build.0 = Debug|Any CPU
		{37380E60-4044-4C90-BF0B-39987E006B6E}.Release|Any CPU.ActiveCfg = Release|Any CPU
		{37380E60-4044-4C90-BF0B-39987E006B6E}.Release|Any CPU.Build.0 = Release|Any CPU
		{3F74A5A7-97FA-45D6-B471-81E0DDE04A29}.Debug|Any CPU.ActiveCfg = Debug|Any CPU
		{3F74A5A7-97FA-45D6-B471-81E0DDE04A29}.Debug|Any CPU.Build.0 = Debug|Any CPU
		{3F74A5A7-97FA-45D6-B471-81E0DDE04A29}.Release|Any CPU.ActiveCfg = Release|Any CPU
		{3F74A5A7-97FA-45D6-B471-81E0DDE04A29}.Release|Any CPU.Build.0 = Release|Any CPU
		{6939CE6B-C8A2-4F37-A620-367A7F8A1C66}.Debug|Any CPU.ActiveCfg = Debug|Any CPU
		{6939CE6B-C8A2-4F37-A620-367A7F8A1C66}.Debug|Any CPU.Build.0 = Debug|Any CPU
		{6939CE6B-C8A2-4F37-A620-367A7F8A1C66}.Release|Any CPU.ActiveCfg = Release|Any CPU
		{6939CE6B-C8A2-4F37-A620-367A7F8A1C66}.Release|Any CPU.Build.0 = Release|Any CPU
		{860F755F-0B5D-47CC-90FA-5D2A3090BC83}.Debug|Any CPU.ActiveCfg = Debug|Any CPU
		{860F755F-0B5D-47CC-90FA-5D2A3090BC83}.Debug|Any CPU.Build.0 = Debug|Any CPU
		{860F755F-0B5D-47CC-90FA-5D2A3090BC83}.Release|Any CPU.ActiveCfg = Release|Any CPU
		{860F755F-0B5D-47CC-90FA-5D2A3090BC83}.Release|Any CPU.Build.0 = Release|Any CPU
	EndGlobalSection
	GlobalSection(SolutionProperties) = preSolution
		HideSolutionNode = FALSE
	EndGlobalSection
	GlobalSection(ExtensibilityGlobals) = postSolution
		SolutionGuid = {C852500B-3C10-4AB1-9639-0041CC4E36DA}
	EndGlobalSection
EndGlobal
