
Microsoft Visual Studio Solution File, Format Version 12.00
# Visual Studio Version 17
VisualStudioVersion = 17.1.32421.90
MinimumVisualStudioVersion = 10.0.40219.1
Project("{9A19103F-16F7-4668-BE54-9A1E7A4F7556}") = "P.03-VetClinic", "P.03-VetClinic\P.03-VetClinic.csproj", "{9ABC87A0-B28E-425B-A2BA-A6FC6B9F7688}"
EndProject
Project("{9A19103F-16F7-4668-BE54-9A1E7A4F7556}") = "P.01-Flower Wreaths", "P.01-Flower Wreaths\P.01-Flower Wreaths.csproj", "{712E1F4A-EDF8-4476-BBF4-AC4F5C0787D4}"
EndProject
Project("{FAE04EC0-301F-11D3-BF4B-00C04F79EFBC}") = "P.02-Bee", "P.02-Bee\P.02-Bee.csproj", "{3BC3412E-D9DB-45D4-B108-1E5057FF612B}"
EndProject
Global
	GlobalSection(SolutionConfigurationPlatforms) = preSolution
		Debug|Any CPU = Debug|Any CPU
		Release|Any CPU = Release|Any CPU
	EndGlobalSection
	GlobalSection(ProjectConfigurationPlatforms) = postSolution
		{9ABC87A0-B28E-425B-A2BA-A6FC6B9F7688}.Debug|Any CPU.ActiveCfg = Debug|Any CPU
		{9ABC87A0-B28E-425B-A2BA-A6FC6B9F7688}.Debug|Any CPU.Build.0 = Debug|Any CPU
		{9ABC87A0-B28E-425B-A2BA-A6FC6B9F7688}.Release|Any CPU.ActiveCfg = Release|Any CPU
		{9ABC87A0-B28E-425B-A2BA-A6FC6B9F7688}.Release|Any CPU.Build.0 = Release|Any CPU
		{712E1F4A-EDF8-4476-BBF4-AC4F5C0787D4}.Debug|Any CPU.ActiveCfg = Debug|Any CPU
		{712E1F4A-EDF8-4476-BBF4-AC4F5C0787D4}.Debug|Any CPU.Build.0 = Debug|Any CPU
		{712E1F4A-EDF8-4476-BBF4-AC4F5C0787D4}.Release|Any CPU.ActiveCfg = Release|Any CPU
		{712E1F4A-EDF8-4476-BBF4-AC4F5C0787D4}.Release|Any CPU.Build.0 = Release|Any CPU
		{3BC3412E-D9DB-45D4-B108-1E5057FF612B}.Debug|Any CPU.ActiveCfg = Debug|Any CPU
		{3BC3412E-D9DB-45D4-B108-1E5057FF612B}.Debug|Any CPU.Build.0 = Debug|Any CPU
		{3BC3412E-D9DB-45D4-B108-1E5057FF612B}.Release|Any CPU.ActiveCfg = Release|Any CPU
		{3BC3412E-D9DB-45D4-B108-1E5057FF612B}.Release|Any CPU.Build.0 = Release|Any CPU
	EndGlobalSection
	GlobalSection(SolutionProperties) = preSolution
		HideSolutionNode = FALSE
	EndGlobalSection
	GlobalSection(ExtensibilityGlobals) = postSolution
		SolutionGuid = {2E7DA1E1-F35A-40E3-8869-0BD755CEC328}
	EndGlobalSection
EndGlobal
