
Microsoft Visual Studio Solution File, Format Version 12.00
# Visual Studio Version 17
VisualStudioVersion = 17.1.32228.430
MinimumVisualStudioVersion = 10.0.40219.1
Project("{FAE04EC0-301F-11D3-BF4B-00C04F79EFBC}") = "Match Full Name", "Match Full Name\Match Full Name.csproj", "{E568E8DD-58AA-47CE-9353-174933D5E2BC}"
EndProject
Project("{FAE04EC0-301F-11D3-BF4B-00C04F79EFBC}") = "Match Phone Number", "Match Phone Number\Match Phone Number.csproj", "{B5C862FA-A1B2-41BA-A9D8-C41B08A60812}"
EndProject
Project("{FAE04EC0-301F-11D3-BF4B-00C04F79EFBC}") = "Match Dates", "Match Dates\Match Dates.csproj", "{C19D3547-0D18-412F-A10F-4EF3C16F6313}"
EndProject
Global
	GlobalSection(SolutionConfigurationPlatforms) = preSolution
		Debug|Any CPU = Debug|Any CPU
		Release|Any CPU = Release|Any CPU
	EndGlobalSection
	GlobalSection(ProjectConfigurationPlatforms) = postSolution
		{E568E8DD-58AA-47CE-9353-174933D5E2BC}.Debug|Any CPU.ActiveCfg = Debug|Any CPU
		{E568E8DD-58AA-47CE-9353-174933D5E2BC}.Debug|Any CPU.Build.0 = Debug|Any CPU
		{E568E8DD-58AA-47CE-9353-174933D5E2BC}.Release|Any CPU.ActiveCfg = Release|Any CPU
		{E568E8DD-58AA-47CE-9353-174933D5E2BC}.Release|Any CPU.Build.0 = Release|Any CPU
		{B5C862FA-A1B2-41BA-A9D8-C41B08A60812}.Debug|Any CPU.ActiveCfg = Debug|Any CPU
		{B5C862FA-A1B2-41BA-A9D8-C41B08A60812}.Debug|Any CPU.Build.0 = Debug|Any CPU
		{B5C862FA-A1B2-41BA-A9D8-C41B08A60812}.Release|Any CPU.ActiveCfg = Release|Any CPU
		{B5C862FA-A1B2-41BA-A9D8-C41B08A60812}.Release|Any CPU.Build.0 = Release|Any CPU
		{C19D3547-0D18-412F-A10F-4EF3C16F6313}.Debug|Any CPU.ActiveCfg = Debug|Any CPU
		{C19D3547-0D18-412F-A10F-4EF3C16F6313}.Debug|Any CPU.Build.0 = Debug|Any CPU
		{C19D3547-0D18-412F-A10F-4EF3C16F6313}.Release|Any CPU.ActiveCfg = Release|Any CPU
		{C19D3547-0D18-412F-A10F-4EF3C16F6313}.Release|Any CPU.Build.0 = Release|Any CPU
	EndGlobalSection
	GlobalSection(SolutionProperties) = preSolution
		HideSolutionNode = FALSE
	EndGlobalSection
	GlobalSection(ExtensibilityGlobals) = postSolution
		SolutionGuid = {FA01A0FE-DA89-42F1-A9ED-16141825FBB7}
	EndGlobalSection
EndGlobal
