
Microsoft Visual Studio Solution File, Format Version 12.00
# Visual Studio Version 17
VisualStudioVersion = 17.5.33530.505
MinimumVisualStudioVersion = 10.0.40219.1
Project("{FAE04EC0-301F-11D3-BF4B-00C04F79EFBC}") = "ForumAppDemo", "ForumAppDemo\ForumAppDemo.csproj", "{F8FE400F-BF0C-4ABE-BCA2-60FF25666C2F}"
EndProject
Project("{FAE04EC0-301F-11D3-BF4B-00C04F79EFBC}") = "ForumAppDemo.Infrastructure", "ForumAppDemo.Infrastructure\ForumAppDemo.Infrastructure.csproj", "{C6658368-EFA9-4304-9A21-62BD59C4DC2F}"
EndProject
Project("{FAE04EC0-301F-11D3-BF4B-00C04F79EFBC}") = "ForumAppDemo.Services", "ForumAppDemo.Services\ForumAppDemo.Services.csproj", "{83524C8F-5EB2-41FF-88FE-EE0C70628283}"
EndProject
Global
	GlobalSection(SolutionConfigurationPlatforms) = preSolution
		Debug|Any CPU = Debug|Any CPU
		Release|Any CPU = Release|Any CPU
	EndGlobalSection
	GlobalSection(ProjectConfigurationPlatforms) = postSolution
		{F8FE400F-BF0C-4ABE-BCA2-60FF25666C2F}.Debug|Any CPU.ActiveCfg = Debug|Any CPU
		{F8FE400F-BF0C-4ABE-BCA2-60FF25666C2F}.Debug|Any CPU.Build.0 = Debug|Any CPU
		{F8FE400F-BF0C-4ABE-BCA2-60FF25666C2F}.Release|Any CPU.ActiveCfg = Release|Any CPU
		{F8FE400F-BF0C-4ABE-BCA2-60FF25666C2F}.Release|Any CPU.Build.0 = Release|Any CPU
		{C6658368-EFA9-4304-9A21-62BD59C4DC2F}.Debug|Any CPU.ActiveCfg = Debug|Any CPU
		{C6658368-EFA9-4304-9A21-62BD59C4DC2F}.Debug|Any CPU.Build.0 = Debug|Any CPU
		{C6658368-EFA9-4304-9A21-62BD59C4DC2F}.Release|Any CPU.ActiveCfg = Release|Any CPU
		{C6658368-EFA9-4304-9A21-62BD59C4DC2F}.Release|Any CPU.Build.0 = Release|Any CPU
		{83524C8F-5EB2-41FF-88FE-EE0C70628283}.Debug|Any CPU.ActiveCfg = Debug|Any CPU
		{83524C8F-5EB2-41FF-88FE-EE0C70628283}.Debug|Any CPU.Build.0 = Debug|Any CPU
		{83524C8F-5EB2-41FF-88FE-EE0C70628283}.Release|Any CPU.ActiveCfg = Release|Any CPU
		{83524C8F-5EB2-41FF-88FE-EE0C70628283}.Release|Any CPU.Build.0 = Release|Any CPU
	EndGlobalSection
	GlobalSection(SolutionProperties) = preSolution
		HideSolutionNode = FALSE
	EndGlobalSection
	GlobalSection(ExtensibilityGlobals) = postSolution
		SolutionGuid = {5CB6A42E-446D-4CBE-BC45-88F5CE4F923A}
	EndGlobalSection
EndGlobal
