
Microsoft Visual Studio Solution File, Format Version 12.00
# Visual Studio Version 17
VisualStudioVersion = 17.1.32421.90
MinimumVisualStudioVersion = 10.0.40219.1
Project("{9A19103F-16F7-4668-BE54-9A1E7A4F7556}") = "P.03-Drones", "P.03-Drones\P.03-Drones.csproj", "{FE4E3D42-434B-492A-8585-E974E7901CE3}"
EndProject
Project("{FAE04EC0-301F-11D3-BF4B-00C04F79EFBC}") = "P.01-BlackSmith", "P.01-BlackSmith\P.01-BlackSmith.csproj", "{D88A227A-85EE-4E9E-B8E6-97CD48EEB4F8}"
EndProject
Global
	GlobalSection(SolutionConfigurationPlatforms) = preSolution
		Debug|Any CPU = Debug|Any CPU
		Release|Any CPU = Release|Any CPU
	EndGlobalSection
	GlobalSection(ProjectConfigurationPlatforms) = postSolution
		{FE4E3D42-434B-492A-8585-E974E7901CE3}.Debug|Any CPU.ActiveCfg = Debug|Any CPU
		{FE4E3D42-434B-492A-8585-E974E7901CE3}.Debug|Any CPU.Build.0 = Debug|Any CPU
		{FE4E3D42-434B-492A-8585-E974E7901CE3}.Release|Any CPU.ActiveCfg = Release|Any CPU
		{FE4E3D42-434B-492A-8585-E974E7901CE3}.Release|Any CPU.Build.0 = Release|Any CPU
		{D88A227A-85EE-4E9E-B8E6-97CD48EEB4F8}.Debug|Any CPU.ActiveCfg = Debug|Any CPU
		{D88A227A-85EE-4E9E-B8E6-97CD48EEB4F8}.Debug|Any CPU.Build.0 = Debug|Any CPU
		{D88A227A-85EE-4E9E-B8E6-97CD48EEB4F8}.Release|Any CPU.ActiveCfg = Release|Any CPU
		{D88A227A-85EE-4E9E-B8E6-97CD48EEB4F8}.Release|Any CPU.Build.0 = Release|Any CPU
	EndGlobalSection
	GlobalSection(SolutionProperties) = preSolution
		HideSolutionNode = FALSE
	EndGlobalSection
	GlobalSection(ExtensibilityGlobals) = postSolution
		SolutionGuid = {0EFFED8D-D2E4-4125-B99D-187CE4AFF651}
	EndGlobalSection
EndGlobal
